
Microsoft Visual Studio Solution File, Format Version 12.00
# Visual Studio Version 17
VisualStudioVersion = 17.3.32804.467
MinimumVisualStudioVersion = 10.0.40219.1
Project("{FAE04EC0-301F-11D3-BF4B-00C04F79EFBC}") = "EjercicioPlazoFijo.Presentacion", "EjercicioPlazoFijo.Presentacion\EjercicioPlazoFijo.Presentacion.csproj", "{9752C70A-B740-4D3D-8866-EBC6FBFB0F38}"
EndProject
Project("{FAE04EC0-301F-11D3-BF4B-00C04F79EFBC}") = "EjercicioPlazoFijo.Negocio", "EjercicioPlazoFijo.Negocio\EjercicioPlazoFijo.Negocio.csproj", "{034C6E9B-21CE-47A7-8AC1-C83B54CD18BB}"
EndProject
Project("{FAE04EC0-301F-11D3-BF4B-00C04F79EFBC}") = "EjercicioPlazoFijo.Datos", "EjercicioPlazoFijo.Datos\EjercicioPlazoFijo.Datos.csproj", "{41195C44-A756-4328-8026-C5CE750AAD3D}"
EndProject
Project("{FAE04EC0-301F-11D3-BF4B-00C04F79EFBC}") = "EjercicioPlazoFijo.Entidades", "EjercicioPlazoFijo.Entidades\EjercicioPlazoFijo.Entidades.csproj", "{CC494777-0E37-4A2C-A53D-BCA48DFC6CF2}"
EndProject
Global
	GlobalSection(SolutionConfigurationPlatforms) = preSolution
		Debug|Any CPU = Debug|Any CPU
		Release|Any CPU = Release|Any CPU
	EndGlobalSection
	GlobalSection(ProjectConfigurationPlatforms) = postSolution
		{9752C70A-B740-4D3D-8866-EBC6FBFB0F38}.Debug|Any CPU.ActiveCfg = Debug|Any CPU
		{9752C70A-B740-4D3D-8866-EBC6FBFB0F38}.Debug|Any CPU.Build.0 = Debug|Any CPU
		{9752C70A-B740-4D3D-8866-EBC6FBFB0F38}.Release|Any CPU.ActiveCfg = Release|Any CPU
		{9752C70A-B740-4D3D-8866-EBC6FBFB0F38}.Release|Any CPU.Build.0 = Release|Any CPU
		{034C6E9B-21CE-47A7-8AC1-C83B54CD18BB}.Debug|Any CPU.ActiveCfg = Debug|Any CPU
		{034C6E9B-21CE-47A7-8AC1-C83B54CD18BB}.Debug|Any CPU.Build.0 = Debug|Any CPU
		{034C6E9B-21CE-47A7-8AC1-C83B54CD18BB}.Release|Any CPU.ActiveCfg = Release|Any CPU
		{034C6E9B-21CE-47A7-8AC1-C83B54CD18BB}.Release|Any CPU.Build.0 = Release|Any CPU
		{41195C44-A756-4328-8026-C5CE750AAD3D}.Debug|Any CPU.ActiveCfg = Debug|Any CPU
		{41195C44-A756-4328-8026-C5CE750AAD3D}.Debug|Any CPU.Build.0 = Debug|Any CPU
		{41195C44-A756-4328-8026-C5CE750AAD3D}.Release|Any CPU.ActiveCfg = Release|Any CPU
		{41195C44-A756-4328-8026-C5CE750AAD3D}.Release|Any CPU.Build.0 = Release|Any CPU
		{CC494777-0E37-4A2C-A53D-BCA48DFC6CF2}.Debug|Any CPU.ActiveCfg = Debug|Any CPU
		{CC494777-0E37-4A2C-A53D-BCA48DFC6CF2}.Debug|Any CPU.Build.0 = Debug|Any CPU
		{CC494777-0E37-4A2C-A53D-BCA48DFC6CF2}.Release|Any CPU.ActiveCfg = Release|Any CPU
		{CC494777-0E37-4A2C-A53D-BCA48DFC6CF2}.Release|Any CPU.Build.0 = Release|Any CPU
	EndGlobalSection
	GlobalSection(SolutionProperties) = preSolution
		HideSolutionNode = FALSE
	EndGlobalSection
	GlobalSection(ExtensibilityGlobals) = postSolution
		SolutionGuid = {1DBAC47D-D048-46CA-ADD5-7717BE82BC3C}
	EndGlobalSection
EndGlobal
